
Microsoft Visual Studio Solution File, Format Version 12.00
# Visual Studio Version 17
VisualStudioVersion = 17.12.35527.113
MinimumVisualStudioVersion = 10.0.40219.1
Project("{FAE04EC0-301F-11D3-BF4B-00C04F79EFBC}") = "BreweryAPI", "BreweryAPI\BreweryAPI.csproj", "{0007DCF3-9102-4B89-B000-34E32E3D3C63}"
EndProject
Project("{FAE04EC0-301F-11D3-BF4B-00C04F79EFBC}") = "BreweryTests", "BreweryTests\BreweryTests.csproj", "{0DABEE7A-8DEF-4F81-8106-F054BB722ED9}"
EndProject
Global
	GlobalSection(SolutionConfigurationPlatforms) = preSolution
		Debug|Any CPU = Debug|Any CPU
		Release|Any CPU = Release|Any CPU
	EndGlobalSection
	GlobalSection(ProjectConfigurationPlatforms) = postSolution
		{0007DCF3-9102-4B89-B000-34E32E3D3C63}.Debug|Any CPU.ActiveCfg = Debug|Any CPU
		{0007DCF3-9102-4B89-B000-34E32E3D3C63}.Debug|Any CPU.Build.0 = Debug|Any CPU
		{0007DCF3-9102-4B89-B000-34E32E3D3C63}.Release|Any CPU.ActiveCfg = Release|Any CPU
		{0007DCF3-9102-4B89-B000-34E32E3D3C63}.Release|Any CPU.Build.0 = Release|Any CPU
		{0DABEE7A-8DEF-4F81-8106-F054BB722ED9}.Debug|Any CPU.ActiveCfg = Debug|Any CPU
		{0DABEE7A-8DEF-4F81-8106-F054BB722ED9}.Debug|Any CPU.Build.0 = Debug|Any CPU
		{0DABEE7A-8DEF-4F81-8106-F054BB722ED9}.Release|Any CPU.ActiveCfg = Release|Any CPU
		{0DABEE7A-8DEF-4F81-8106-F054BB722ED9}.Release|Any CPU.Build.0 = Release|Any CPU
	EndGlobalSection
	GlobalSection(SolutionProperties) = preSolution
		HideSolutionNode = FALSE
	EndGlobalSection
EndGlobal
